
Microsoft Visual Studio Solution File, Format Version 12.00
# Visual Studio Version 16
VisualStudioVersion = 16.0.31911.196
MinimumVisualStudioVersion = 10.0.40219.1
Project("{9A19103F-16F7-4668-BE54-9A1E7A4F7556}") = "FilePatternIdentifier", "FilePatternIdentifier.csproj", "{B0F61719-5067-4A28-B449-EA543C5C8F92}"
EndProject
Global
	GlobalSection(SolutionConfigurationPlatforms) = preSolution
		Debug|Any CPU = Debug|Any CPU
		Release|Any CPU = Release|Any CPU
	EndGlobalSection
	GlobalSection(ProjectConfigurationPlatforms) = postSolution
		{B0F61719-5067-4A28-B449-EA543C5C8F92}.Debug|Any CPU.ActiveCfg = Debug|Any CPU
		{B0F61719-5067-4A28-B449-EA543C5C8F92}.Debug|Any CPU.Build.0 = Debug|Any CPU
		{B0F61719-5067-4A28-B449-EA543C5C8F92}.Release|Any CPU.ActiveCfg = Release|Any CPU
		{B0F61719-5067-4A28-B449-EA543C5C8F92}.Release|Any CPU.Build.0 = Release|Any CPU
	EndGlobalSection
	GlobalSection(SolutionProperties) = preSolution
		HideSolutionNode = FALSE
	EndGlobalSection
	GlobalSection(ExtensibilityGlobals) = postSolution
		SolutionGuid = {25018C1E-50F6-4681-AB5A-60A1AFA3B0F4}
	EndGlobalSection
EndGlobal
